
Microsoft Visual Studio Solution File, Format Version 12.00
# Visual Studio Version 17
VisualStudioVersion = 17.8.34408.163
MinimumVisualStudioVersion = 10.0.40219.1
Project("{2150E333-8FDC-42A3-9474-1A3956D46DE8}") = "Presentation", "Presentation", "{BB362B4B-D39C-4887-B50D-5564C382CDA2}"
EndProject
Project("{2150E333-8FDC-42A3-9474-1A3956D46DE8}") = "DAL", "DAL", "{26720B0D-5FE5-4FE0-854E-7052EC1BF734}"
EndProject
Project("{2150E333-8FDC-42A3-9474-1A3956D46DE8}") = "Domain", "Domain", "{F4FE7C32-DDAB-4587-9FD2-52C91C74F2C7}"
EndProject
Project("{9A19103F-16F7-4668-BE54-9A1E7A4F7556}") = "SibSIU.Dean.Database", "SibSIU.Dean.Database\SibSIU.Dean.Database.csproj", "{50E3726E-83E8-410E-A073-CF52FB5B3216}"
EndProject
Project("{9A19103F-16F7-4668-BE54-9A1E7A4F7556}") = "SibSIU.Identity.Database", "SibSIU.Identity.Database\SibSIU.Identity.Database.csproj", "{5CB3625F-C3F5-4608-BF70-6DB6489D6A5F}"
EndProject
Project("{9A19103F-16F7-4668-BE54-9A1E7A4F7556}") = "SibSIU.Auth.Database", "SibSIU.Auth.Database\SibSIU.Auth.Database.csproj", "{AFCB1A8F-24C9-4739-A459-AA0347A566FC}"
EndProject
Project("{9A19103F-16F7-4668-BE54-9A1E7A4F7556}") = "SibSIU.Domain.Dean", "SibSIU.Domain.Dean\SibSIU.Domain.Dean.csproj", "{E598F11A-F132-40F4-AEF2-65469B1F759D}"
EndProject
Project("{9A19103F-16F7-4668-BE54-9A1E7A4F7556}") = "SibSIU.Identity.Models", "SibSIU.Identity.Models\SibSIU.Identity.Models.csproj", "{A3B82E8C-785B-419D-A689-76BEEE4DD761}"
EndProject
Project("{9A19103F-16F7-4668-BE54-9A1E7A4F7556}") = "SibSIU.Domain.UserManager", "SibSIU.Domain.User\SibSIU.Domain.UserManager.csproj", "{58AA773C-F1A2-44A9-9BA9-D5F2FC3DD8D3}"
EndProject
Project("{9A19103F-16F7-4668-BE54-9A1E7A4F7556}") = "SibSIU.Domain.SendMail", "SibSIU.Domain.Mail\SibSIU.Domain.SendMail.csproj", "{D3C96AC3-D5AD-4CB4-B978-AF94CFABE158}"
EndProject
Project("{9A19103F-16F7-4668-BE54-9A1E7A4F7556}") = "SibSIU.Domain.ExternalApplication", "SibSIU.Domain.ExternalApplication\SibSIU.Domain.ExternalApplication.csproj", "{E93834B4-FE22-495D-8053-1885A786F157}"
EndProject
Project("{9A19103F-16F7-4668-BE54-9A1E7A4F7556}") = "SibSIU.CORS.Database", "SibSIU.CORS.Database\SibSIU.CORS.Database.csproj", "{46DAB1F5-36BD-4C04-9368-A41CFAF07FB8}"
EndProject
Project("{9A19103F-16F7-4668-BE54-9A1E7A4F7556}") = "SibSIU.Identity", "SibSIU.Identity\SibSIU.Identity.csproj", "{7F1D5F43-60A8-4AFD-A117-289450267965}"
EndProject
Project("{2150E333-8FDC-42A3-9474-1A3956D46DE8}") = "TestClients", "TestClients", "{6999D94C-97FA-4318-8EE7-8DA0C947F293}"
EndProject
Project("{9A19103F-16F7-4668-BE54-9A1E7A4F7556}") = "TestResourceClient_API", "TestResourceClient_API\TestResourceClient_API.csproj", "{9EAA11B1-D403-4B5D-8A7B-7B63FC99D782}"
EndProject
Project("{9A19103F-16F7-4668-BE54-9A1E7A4F7556}") = "TestClient_RazorPages", "TestClient_RazorPages\TestClient_RazorPages.csproj", "{A455FEC6-6FA3-48F0-BDBD-2AB982BD681E}"
EndProject
Global
	GlobalSection(SolutionConfigurationPlatforms) = preSolution
		Debug|Any CPU = Debug|Any CPU
		Release|Any CPU = Release|Any CPU
	EndGlobalSection
	GlobalSection(ProjectConfigurationPlatforms) = postSolution
		{50E3726E-83E8-410E-A073-CF52FB5B3216}.Debug|Any CPU.ActiveCfg = Debug|Any CPU
		{50E3726E-83E8-410E-A073-CF52FB5B3216}.Debug|Any CPU.Build.0 = Debug|Any CPU
		{50E3726E-83E8-410E-A073-CF52FB5B3216}.Release|Any CPU.ActiveCfg = Release|Any CPU
		{50E3726E-83E8-410E-A073-CF52FB5B3216}.Release|Any CPU.Build.0 = Release|Any CPU
		{5CB3625F-C3F5-4608-BF70-6DB6489D6A5F}.Debug|Any CPU.ActiveCfg = Debug|Any CPU
		{5CB3625F-C3F5-4608-BF70-6DB6489D6A5F}.Debug|Any CPU.Build.0 = Debug|Any CPU
		{5CB3625F-C3F5-4608-BF70-6DB6489D6A5F}.Release|Any CPU.ActiveCfg = Release|Any CPU
		{5CB3625F-C3F5-4608-BF70-6DB6489D6A5F}.Release|Any CPU.Build.0 = Release|Any CPU
		{AFCB1A8F-24C9-4739-A459-AA0347A566FC}.Debug|Any CPU.ActiveCfg = Debug|Any CPU
		{AFCB1A8F-24C9-4739-A459-AA0347A566FC}.Debug|Any CPU.Build.0 = Debug|Any CPU
		{AFCB1A8F-24C9-4739-A459-AA0347A566FC}.Release|Any CPU.ActiveCfg = Release|Any CPU
		{AFCB1A8F-24C9-4739-A459-AA0347A566FC}.Release|Any CPU.Build.0 = Release|Any CPU
		{E598F11A-F132-40F4-AEF2-65469B1F759D}.Debug|Any CPU.ActiveCfg = Debug|Any CPU
		{E598F11A-F132-40F4-AEF2-65469B1F759D}.Debug|Any CPU.Build.0 = Debug|Any CPU
		{E598F11A-F132-40F4-AEF2-65469B1F759D}.Release|Any CPU.ActiveCfg = Release|Any CPU
		{E598F11A-F132-40F4-AEF2-65469B1F759D}.Release|Any CPU.Build.0 = Release|Any CPU
		{A3B82E8C-785B-419D-A689-76BEEE4DD761}.Debug|Any CPU.ActiveCfg = Debug|Any CPU
		{A3B82E8C-785B-419D-A689-76BEEE4DD761}.Debug|Any CPU.Build.0 = Debug|Any CPU
		{A3B82E8C-785B-419D-A689-76BEEE4DD761}.Release|Any CPU.ActiveCfg = Release|Any CPU
		{A3B82E8C-785B-419D-A689-76BEEE4DD761}.Release|Any CPU.Build.0 = Release|Any CPU
		{58AA773C-F1A2-44A9-9BA9-D5F2FC3DD8D3}.Debug|Any CPU.ActiveCfg = Debug|Any CPU
		{58AA773C-F1A2-44A9-9BA9-D5F2FC3DD8D3}.Debug|Any CPU.Build.0 = Debug|Any CPU
		{58AA773C-F1A2-44A9-9BA9-D5F2FC3DD8D3}.Release|Any CPU.ActiveCfg = Release|Any CPU
		{58AA773C-F1A2-44A9-9BA9-D5F2FC3DD8D3}.Release|Any CPU.Build.0 = Release|Any CPU
		{D3C96AC3-D5AD-4CB4-B978-AF94CFABE158}.Debug|Any CPU.ActiveCfg = Debug|Any CPU
		{D3C96AC3-D5AD-4CB4-B978-AF94CFABE158}.Debug|Any CPU.Build.0 = Debug|Any CPU
		{D3C96AC3-D5AD-4CB4-B978-AF94CFABE158}.Release|Any CPU.ActiveCfg = Release|Any CPU
		{D3C96AC3-D5AD-4CB4-B978-AF94CFABE158}.Release|Any CPU.Build.0 = Release|Any CPU
		{E93834B4-FE22-495D-8053-1885A786F157}.Debug|Any CPU.ActiveCfg = Debug|Any CPU
		{E93834B4-FE22-495D-8053-1885A786F157}.Debug|Any CPU.Build.0 = Debug|Any CPU
		{E93834B4-FE22-495D-8053-1885A786F157}.Release|Any CPU.ActiveCfg = Release|Any CPU
		{E93834B4-FE22-495D-8053-1885A786F157}.Release|Any CPU.Build.0 = Release|Any CPU
		{46DAB1F5-36BD-4C04-9368-A41CFAF07FB8}.Debug|Any CPU.ActiveCfg = Debug|Any CPU
		{46DAB1F5-36BD-4C04-9368-A41CFAF07FB8}.Debug|Any CPU.Build.0 = Debug|Any CPU
		{46DAB1F5-36BD-4C04-9368-A41CFAF07FB8}.Release|Any CPU.ActiveCfg = Release|Any CPU
		{46DAB1F5-36BD-4C04-9368-A41CFAF07FB8}.Release|Any CPU.Build.0 = Release|Any CPU
		{7F1D5F43-60A8-4AFD-A117-289450267965}.Debug|Any CPU.ActiveCfg = Debug|Any CPU
		{7F1D5F43-60A8-4AFD-A117-289450267965}.Debug|Any CPU.Build.0 = Debug|Any CPU
		{7F1D5F43-60A8-4AFD-A117-289450267965}.Release|Any CPU.ActiveCfg = Release|Any CPU
		{7F1D5F43-60A8-4AFD-A117-289450267965}.Release|Any CPU.Build.0 = Release|Any CPU
		{9EAA11B1-D403-4B5D-8A7B-7B63FC99D782}.Debug|Any CPU.ActiveCfg = Debug|Any CPU
		{9EAA11B1-D403-4B5D-8A7B-7B63FC99D782}.Debug|Any CPU.Build.0 = Debug|Any CPU
		{9EAA11B1-D403-4B5D-8A7B-7B63FC99D782}.Release|Any CPU.ActiveCfg = Release|Any CPU
		{9EAA11B1-D403-4B5D-8A7B-7B63FC99D782}.Release|Any CPU.Build.0 = Release|Any CPU
		{A455FEC6-6FA3-48F0-BDBD-2AB982BD681E}.Debug|Any CPU.ActiveCfg = Debug|Any CPU
		{A455FEC6-6FA3-48F0-BDBD-2AB982BD681E}.Debug|Any CPU.Build.0 = Debug|Any CPU
		{A455FEC6-6FA3-48F0-BDBD-2AB982BD681E}.Release|Any CPU.ActiveCfg = Release|Any CPU
		{A455FEC6-6FA3-48F0-BDBD-2AB982BD681E}.Release|Any CPU.Build.0 = Release|Any CPU
	EndGlobalSection
	GlobalSection(SolutionProperties) = preSolution
		HideSolutionNode = FALSE
	EndGlobalSection
	GlobalSection(NestedProjects) = preSolution
		{50E3726E-83E8-410E-A073-CF52FB5B3216} = {26720B0D-5FE5-4FE0-854E-7052EC1BF734}
		{5CB3625F-C3F5-4608-BF70-6DB6489D6A5F} = {26720B0D-5FE5-4FE0-854E-7052EC1BF734}
		{AFCB1A8F-24C9-4739-A459-AA0347A566FC} = {26720B0D-5FE5-4FE0-854E-7052EC1BF734}
		{E598F11A-F132-40F4-AEF2-65469B1F759D} = {F4FE7C32-DDAB-4587-9FD2-52C91C74F2C7}
		{A3B82E8C-785B-419D-A689-76BEEE4DD761} = {BB362B4B-D39C-4887-B50D-5564C382CDA2}
		{58AA773C-F1A2-44A9-9BA9-D5F2FC3DD8D3} = {F4FE7C32-DDAB-4587-9FD2-52C91C74F2C7}
		{D3C96AC3-D5AD-4CB4-B978-AF94CFABE158} = {F4FE7C32-DDAB-4587-9FD2-52C91C74F2C7}
		{E93834B4-FE22-495D-8053-1885A786F157} = {F4FE7C32-DDAB-4587-9FD2-52C91C74F2C7}
		{46DAB1F5-36BD-4C04-9368-A41CFAF07FB8} = {26720B0D-5FE5-4FE0-854E-7052EC1BF734}
		{7F1D5F43-60A8-4AFD-A117-289450267965} = {BB362B4B-D39C-4887-B50D-5564C382CDA2}
		{9EAA11B1-D403-4B5D-8A7B-7B63FC99D782} = {6999D94C-97FA-4318-8EE7-8DA0C947F293}
		{A455FEC6-6FA3-48F0-BDBD-2AB982BD681E} = {6999D94C-97FA-4318-8EE7-8DA0C947F293}
	EndGlobalSection
	GlobalSection(ExtensibilityGlobals) = postSolution
		SolutionGuid = {85CC4823-FE70-4E87-8FD1-531B113672E3}
	EndGlobalSection
EndGlobal
